{
    "version": 3,
    "terraform_version": "0.11.8",
    "serial": 1,
    "lineage": "11d04f2d-15de-0dcd-7d11-ff24a066458a",
    "modules": [
        {
            "path": [
                "root"
            ],
            "outputs": {},
            "resources": {
                "docker_container.nginx-server": {
                    "type": "docker_container",
                    "depends_on": [
                        "docker_image.nginxweb"
                    ],
                    "primary": {
                        "id": "351fa462299840926db5283d0356b9a601434d144895e206cc2733d8d25b539b",
                        "attributes": {
                            "bridge": "",
                            "gateway": "172.17.0.1",
                            "id": "351fa462299840926db5283d0356b9a601434d144895e206cc2733d8d25b539b",
                            "image": "sha256:b4c6d9026e69fea1fae3ba92dec77dc851172c1145ba0e589bc80041b2cc4825",
                            "ip_address": "172.17.0.5",
                            "ip_prefix_length": "16",
                            "log_driver": "json-file",
                            "must_run": "true",
                            "name": "nginx-server",
                            "ports.#": "1",
                            "ports.4028926921.external": "80",
                            "ports.4028926921.internal": "80",
                            "ports.4028926921.ip": "",
                            "ports.4028926921.protocol": "tcp",
                            "restart": "no",
                            "volumes.#": "1",
                            "volumes.183003966.container_path": "/var/www/html",
                            "volumes.183003966.from_container": "",
                            "volumes.183003966.host_path": "/home/uzzal/PROJECTS/nginxweb",
                            "volumes.183003966.read_only": "true",
                            "volumes.183003966.volume_name": "content"
                        },
                        "meta": {},
                        "tainted": false
                    },
                    "deposed": [],
                    "provider": "provider.docker"
                },
                "docker_image.nginxweb": {
                    "type": "docker_image",
                    "depends_on": [],
                    "primary": {
                        "id": "sha256:b4c6d9026e69fea1fae3ba92dec77dc851172c1145ba0e589bc80041b2cc4825uzzal2k5/nginx",
                        "attributes": {
                            "id": "sha256:b4c6d9026e69fea1fae3ba92dec77dc851172c1145ba0e589bc80041b2cc4825uzzal2k5/nginx",
                            "latest": "sha256:b4c6d9026e69fea1fae3ba92dec77dc851172c1145ba0e589bc80041b2cc4825",
                            "name": "uzzal2k5/nginx"
                        },
                        "meta": {},
                        "tainted": false
                    },
                    "deposed": [],
                    "provider": "provider.docker"
                }
            },
            "depends_on": []
        }
    ]
}
